
Microsoft Visual Studio Solution File, Format Version 12.00
# Visual Studio 15
VisualStudioVersion = 15.0.27004.2005
MinimumVisualStudioVersion = 10.0.40219.1
Project("{FAE04EC0-301F-11D3-BF4B-00C04F79EFBC}") = "IWTaskOne", "IWTaskOne\IWTaskOne.csproj", "{155271F9-98F8-45CE-BB53-8F7B8014CECD}"
EndProject
Project("{FAE04EC0-301F-11D3-BF4B-00C04F79EFBC}") = "Repositories", "Repositories\Repositories.csproj", "{3E77C0E8-CFA5-4BD3-B495-AAB7C457D0E5}"
EndProject
Global
	GlobalSection(SolutionConfigurationPlatforms) = preSolution
		Debug|Any CPU = Debug|Any CPU
		Release|Any CPU = Release|Any CPU
	EndGlobalSection
	GlobalSection(ProjectConfigurationPlatforms) = postSolution
		{155271F9-98F8-45CE-BB53-8F7B8014CECD}.Debug|Any CPU.ActiveCfg = Debug|Any CPU
		{155271F9-98F8-45CE-BB53-8F7B8014CECD}.Debug|Any CPU.Build.0 = Debug|Any CPU
		{155271F9-98F8-45CE-BB53-8F7B8014CECD}.Release|Any CPU.ActiveCfg = Release|Any CPU
		{155271F9-98F8-45CE-BB53-8F7B8014CECD}.Release|Any CPU.Build.0 = Release|Any CPU
		{3E77C0E8-CFA5-4BD3-B495-AAB7C457D0E5}.Debug|Any CPU.ActiveCfg = Debug|Any CPU
		{3E77C0E8-CFA5-4BD3-B495-AAB7C457D0E5}.Debug|Any CPU.Build.0 = Debug|Any CPU
		{3E77C0E8-CFA5-4BD3-B495-AAB7C457D0E5}.Release|Any CPU.ActiveCfg = Release|Any CPU
		{3E77C0E8-CFA5-4BD3-B495-AAB7C457D0E5}.Release|Any CPU.Build.0 = Release|Any CPU
	EndGlobalSection
	GlobalSection(SolutionProperties) = preSolution
		HideSolutionNode = FALSE
	EndGlobalSection
	GlobalSection(ExtensibilityGlobals) = postSolution
		SolutionGuid = {5EE7768F-CD53-4356-8B07-739283F13454}
	EndGlobalSection
EndGlobal
